hash: fca096352fc7bd366b11d78ba1d80b32fff898fe664211a9ac7d4ab0bdc0c326
updated: 2017-04-14T22:51:57.594556896+02:00
imports:
- name: github.com/ant0ine/go-json-rest
  version: ce4b71cdf7ba29ef443d704bd923f5bbf281ee30
- name: github.com/dustin/go-humanize
  version: 259d2a102b871d17f30e3cd9881a642961a1e486
testImports: []
